
Microsoft Visual Studio Solution File, Format Version 12.00
# Visual Studio Version 16
VisualStudioVersion = 16.0.31424.327
MinimumVisualStudioVersion = 10.0.40219.1
Project("{FAE04EC0-301F-11D3-BF4B-00C04F79EFBC}") = "HafizSEO", "HafizSEO\HafizSEO.csproj", "{149D95C5-1F16-4B52-88F2-383AD5E35C79}"
EndProject
Global
	GlobalSection(SolutionConfigurationPlatforms) = preSolution
		Debug|Any CPU = Debug|Any CPU
		Release|Any CPU = Release|Any CPU
	EndGlobalSection
	GlobalSection(ProjectConfigurationPlatforms) = postSolution
		{149D95C5-1F16-4B52-88F2-383AD5E35C79}.Debug|Any CPU.ActiveCfg = Debug|Any CPU
		{149D95C5-1F16-4B52-88F2-383AD5E35C79}.Debug|Any CPU.Build.0 = Debug|Any CPU
		{149D95C5-1F16-4B52-88F2-383AD5E35C79}.Release|Any CPU.ActiveCfg = Release|Any CPU
		{149D95C5-1F16-4B52-88F2-383AD5E35C79}.Release|Any CPU.Build.0 = Release|Any CPU
	EndGlobalSection
	GlobalSection(SolutionProperties) = preSolution
		HideSolutionNode = FALSE
	EndGlobalSection
	GlobalSection(ExtensibilityGlobals) = postSolution
		SolutionGuid = {7971EC91-7D42-4D67-BFE3-D3D38AC5A09A}
	EndGlobalSection
EndGlobal
